
Microsoft Visual Studio Solution File, Format Version 12.00
# Visual Studio Version 17
VisualStudioVersion = 17.6.33723.286
MinimumVisualStudioVersion = 10.0.40219.1
Project("{FAE04EC0-301F-11D3-BF4B-00C04F79EFBC}") = "proyectoQuestions", "proyectoQuestions\proyectoQuestions.csproj", "{2D0BB75D-8987-43CC-924B-8ECD69F67CFE}"
EndProject
Global
	GlobalSection(SolutionConfigurationPlatforms) = preSolution
		Debug|Any CPU = Debug|Any CPU
		Release|Any CPU = Release|Any CPU
	EndGlobalSection
	GlobalSection(ProjectConfigurationPlatforms) = postSolution
		{2D0BB75D-8987-43CC-924B-8ECD69F67CFE}.Debug|Any CPU.ActiveCfg = Debug|Any CPU
		{2D0BB75D-8987-43CC-924B-8ECD69F67CFE}.Debug|Any CPU.Build.0 = Debug|Any CPU
		{2D0BB75D-8987-43CC-924B-8ECD69F67CFE}.Release|Any CPU.ActiveCfg = Release|Any CPU
		{2D0BB75D-8987-43CC-924B-8ECD69F67CFE}.Release|Any CPU.Build.0 = Release|Any CPU
	EndGlobalSection
	GlobalSection(SolutionProperties) = preSolution
		HideSolutionNode = FALSE
	EndGlobalSection
	GlobalSection(ExtensibilityGlobals) = postSolution
		SolutionGuid = {B21431B3-7DD5-46AF-84E5-500D4A08DDBC}
	EndGlobalSection
EndGlobal
